hash: eabaf2e73c62a0af69d9b78057e6536dfb0097a822e3a0767f46e4361d457402
updated: 2018-06-07T17:22:21.021107436Z
imports:
- name: github.com/BurntSushi/toml
  version: 056c9bc7be7190eaa7715723883caffa5f8fa3e4
- name: github.com/go-sql-driver/mysql
  version: 3654d25ec346ee8ce71a68431025458d52a38ac0
- name: github.com/jmoiron/sqlx
  version: 54aec3fd91a2b2129ffaca0d652b8a9223ee2d9e
  subpackages:
  - reflectx
- name: github.com/juju/errors
  version: 6f54ff6318409d31ff16261533ce2c8381a4fd5d
- name: github.com/ngaut/log
  version: cec23d3e10b016363780d894a0eb732a12c06e02
- name: github.com/pingcap/check
  version: ce8a2f822ab1e245a4eefcef2996531c79c943f1
- name: github.com/satori/go.uuid
  version: f58768cc1a7a7e77a3bd49e98cdd21419399b6a3
- name: github.com/siddontang/go
  version: 354e14e6c093c661abb29fd28403b3c19cff5514
  subpackages:
  - hack
  - ioutil2
  - sync2
- name: github.com/siddontang/go-mysql
  version: 9f867b4076f8de375f64d1b959aa46c601bf7769
  subpackages:
  - canal
  - client
  - dump
  - mysql
  - packet
  - replication
  - schema
- name: golang.org/x/net
  version: 6acef71eb69611914f7a30939ea9f6e194c78172
  subpackages:
  - context
testImports: []
